
Microsoft Visual Studio Solution File, Format Version 11.00
# Visual Studio 2010
Project("{FAE04EC0-301F-11D3-BF4B-00C04F79EFBC}") = "VuforiaScripts", "VuforiaScripts.csproj", "{B5922888-6C94-6898-296D-D191ED5896A5}"
EndProject
Project("{FAE04EC0-301F-11D3-BF4B-00C04F79EFBC}") = "Assembly-CSharp", "Assembly-CSharp.csproj", "{024933AB-AFEE-CD33-22C6-47BD377BCF10}"
EndProject
Project("{FAE04EC0-301F-11D3-BF4B-00C04F79EFBC}") = "VuforiaEditorScripts", "VuforiaEditorScripts.csproj", "{645B1AC6-E2E6-99E2-988E-2A39CA0160B7}"
EndProject
Global
	GlobalSection(SolutionConfigurationPlatforms) = preSolution
		Debug|Any CPU = Debug|Any CPU
		Release|Any CPU = Release|Any CPU
	EndGlobalSection
	GlobalSection(ProjectConfigurationPlatforms) = postSolution
		{B5922888-6C94-6898-296D-D191ED5896A5}.Debug|Any CPU.ActiveCfg = Debug|Any CPU
		{B5922888-6C94-6898-296D-D191ED5896A5}.Debug|Any CPU.Build.0 = Debug|Any CPU
		{B5922888-6C94-6898-296D-D191ED5896A5}.Release|Any CPU.ActiveCfg = Release|Any CPU
		{B5922888-6C94-6898-296D-D191ED5896A5}.Release|Any CPU.Build.0 = Release|Any CPU
		{024933AB-AFEE-CD33-22C6-47BD377BCF10}.Debug|Any CPU.ActiveCfg = Debug|Any CPU
		{024933AB-AFEE-CD33-22C6-47BD377BCF10}.Debug|Any CPU.Build.0 = Debug|Any CPU
		{024933AB-AFEE-CD33-22C6-47BD377BCF10}.Release|Any CPU.ActiveCfg = Release|Any CPU
		{024933AB-AFEE-CD33-22C6-47BD377BCF10}.Release|Any CPU.Build.0 = Release|Any CPU
		{645B1AC6-E2E6-99E2-988E-2A39CA0160B7}.Debug|Any CPU.ActiveCfg = Debug|Any CPU
		{645B1AC6-E2E6-99E2-988E-2A39CA0160B7}.Debug|Any CPU.Build.0 = Debug|Any CPU
		{645B1AC6-E2E6-99E2-988E-2A39CA0160B7}.Release|Any CPU.ActiveCfg = Release|Any CPU
		{645B1AC6-E2E6-99E2-988E-2A39CA0160B7}.Release|Any CPU.Build.0 = Release|Any CPU
	EndGlobalSection
	GlobalSection(SolutionProperties) = preSolution
		HideSolutionNode = FALSE
	EndGlobalSection
	GlobalSection(MonoDevelopProperties) = preSolution
		StartupItem = Assembly-CSharp.csproj
	EndGlobalSection
EndGlobal
